
Microsoft Visual Studio Solution File, Format Version 12.00
# Visual Studio Version 16
VisualStudioVersion = 16.0.33027.164
MinimumVisualStudioVersion = 10.0.40219.1
Project("{9A19103F-16F7-4668-BE54-9A1E7A4F7556}") = "Lab1", "Lab1.csproj", "{45371965-1B43-410B-8E37-0C4E505F5E32}"
EndProject
Global
	GlobalSection(SolutionConfigurationPlatforms) = preSolution
		Debug|Any CPU = Debug|Any CPU
		Release|Any CPU = Release|Any CPU
	EndGlobalSection
	GlobalSection(ProjectConfigurationPlatforms) = postSolution
		{45371965-1B43-410B-8E37-0C4E505F5E32}.Debug|Any CPU.ActiveCfg = Debug|Any CPU
		{45371965-1B43-410B-8E37-0C4E505F5E32}.Debug|Any CPU.Build.0 = Debug|Any CPU
		{45371965-1B43-410B-8E37-0C4E505F5E32}.Release|Any CPU.ActiveCfg = Release|Any CPU
		{45371965-1B43-410B-8E37-0C4E505F5E32}.Release|Any CPU.Build.0 = Release|Any CPU
	EndGlobalSection
	GlobalSection(SolutionProperties) = preSolution
		HideSolutionNode = FALSE
	EndGlobalSection
	GlobalSection(ExtensibilityGlobals) = postSolution
		SolutionGuid = {756810C8-F268-4BA6-89BF-AA9F2FA60848}
	EndGlobalSection
EndGlobal
